{
  "name": "agent-remote-repair",
  "version": "9.8.0",
  "lockfileVersion": 3,
  "requires": true,
  "packages": {
    "": {
      "name": "agent-remote-repair",
      "version": "9.8.0",
      "license": "MIT",
      "bin": {
        "dao": "dao.js"
      },
      "engines": {
        "vscode": "^1.74.0"
      }
    }
  }
}
